# This file is autogenerated, do not edit; changes may be undone by the next 'dep ensure'.


[[projects]]
  branch = "master"
  digest = "1:662a18ecf55317daa51ea75dd49cdc936b768019ae80e1c448decc5fe6065fc1"
  name = "code.cloudfoundry.org/bytefmt"
  packages = ["."]
  pruneopts = "UT"
  revision = "b31f603f5e1e047fdb38584e1a922dcc5c4de5c8"

[[projects]]
  digest = "1:d2b9a32d95f00372fa6e40f182e146130c2aa8173ce13f9fc544e0ad2b329e5b"
  name = "github.com/y-yagi/debuglog"
  packages = ["."]
  pruneopts = "UT"
  revision = "1d828ddfe00eb731566c6ff33f1ac3c7c910ac2a"
  version = "v0.1.1"

[solve-meta]
  analyzer-name = "dep"
  analyzer-version = 1
  input-imports = [
    "code.cloudfoundry.org/bytefmt",
    "github.com/y-yagi/debuglog",
  ]
  solver-name = "gps-cdcl"
  solver-version = 1
